
Microsoft Visual Studio Solution File, Format Version 12.00
# Visual Studio Version 17
VisualStudioVersion = 17.12.35506.116
MinimumVisualStudioVersion = 10.0.40219.1
Project("{F2A71F9B-5D33-465A-A702-920D77279786}") = "Lattice.WorkerNode", "Lattice.WorkerNode\Lattice.WorkerNode.fsproj", "{2B0CE0E9-D2C6-4C3E-B269-25BCDE9812C6}"
EndProject
Project("{F2A71F9B-5D33-465A-A702-920D77279786}") = "Lattice.Orchestrator.Presentation", "Lattice.Orchestrator.Presentation\Lattice.Orchestrator.Presentation.fsproj", "{CECDF63B-A9F9-4D61-B0CF-96CC964A3FA5}"
EndProject
Project("{2150E333-8FDC-42A3-9474-1A3956D46DE8}") = "Tests", "Tests", "{0B9F285C-06BC-42D1-9596-F8F3834C71F5}"
EndProject
Project("{F2A71F9B-5D33-465A-A702-920D77279786}") = "Lattice.WorkerNode.Tests.Unit", "Tests\Lattice.WorkerNode.Tests.Unit\Lattice.WorkerNode.Tests.Unit.fsproj", "{93E0C53F-462E-497D-BC35-B0F183A4A02B}"
EndProject
Project("{F2A71F9B-5D33-465A-A702-920D77279786}") = "Lattice.Orchestrator.Presentation.Tests.Unit", "Tests\Lattice.Orchestrator.Presentation.Tests.Unit\Lattice.Orchestrator.Presentation.Tests.Unit.fsproj", "{B4290E72-2EF1-42E6-9AF5-C15B2D675C2F}"
EndProject
Project("{F2A71F9B-5D33-465A-A702-920D77279786}") = "Lattice.Orchestrator.Domain", "Lattice.Orchestrator.Domain\Lattice.Orchestrator.Domain.fsproj", "{E43A5EF1-8ABE-4BE2-B4A1-226239D76681}"
EndProject
Project("{F2A71F9B-5D33-465A-A702-920D77279786}") = "Lattice.Orchestrator.Domain.Tests.Unit", "Tests\Lattice.Orchestrator.Domain.Tests.Unit\Lattice.Orchestrator.Domain.Tests.Unit.fsproj", "{CBF7FA1E-203D-4407-85DD-3670A0DFEA3E}"
EndProject
Project("{F2A71F9B-5D33-465A-A702-920D77279786}") = "Lattice.Orchestrator.Application", "Lattice.Orchestrator.Application\Lattice.Orchestrator.Application.fsproj", "{D47452C1-C0A7-4139-B25D-01D447C1896E}"
EndProject
Project("{F2A71F9B-5D33-465A-A702-920D77279786}") = "Lattice.Orchestrator.Application.Tests.Unit", "Tests\Lattice.Orchestrator.Application.Tests.Unit\Lattice.Orchestrator.Application.Tests.Unit.fsproj", "{60DAE6B9-C925-4EC0-86D8-94674762A2D9}"
EndProject
Project("{F2A71F9B-5D33-465A-A702-920D77279786}") = "Lattice.Orchestrator.Infrastructure.Persistence", "Lattice.Orchestrator.Infrastructure.Persistence\Lattice.Orchestrator.Infrastructure.Persistence.fsproj", "{64CA63DB-762D-4084-9918-B586EFF98E2E}"
EndProject
Project("{F2A71F9B-5D33-465A-A702-920D77279786}") = "Lattice.Orchestrator.Infrastructure.Persistence.Tests.Unit", "Tests\Lattice.Orchestrator.Infrastructure.Persistence.Tests.Unit\Lattice.Orchestrator.Infrastructure.Persistence.Tests.Unit.fsproj", "{9376CFE5-9D5A-48BC-A5B3-A3697B7AC172}"
EndProject
Project("{F2A71F9B-5D33-465A-A702-920D77279786}") = "Lattice.Orchestrator.Infrastructure.Discord", "Lattice.Orchestrator.Infrastructure.Discord\Lattice.Orchestrator.Infrastructure.Discord.fsproj", "{9EB3FCCF-9239-49FE-9CD0-C8DD5180C08B}"
EndProject
Project("{F2A71F9B-5D33-465A-A702-920D77279786}") = "Lattice.Orchestrator.Infrastructure.Discord.Tests.Unit", "Tests\Lattice.Orchestrator.Infrastructure.Discord.Tests.Unit\Lattice.Orchestrator.Infrastructure.Discord.Tests.Unit.fsproj", "{47460510-84B3-40FF-BFD3-5EB78DC8407B}"
EndProject
Project("{F2A71F9B-5D33-465A-A702-920D77279786}") = "Lattice.Orchestrator.Infrastructure.Tasks", "Lattice.Orchestrator.Infrastructure.Tasks\Lattice.Orchestrator.Infrastructure.Tasks.fsproj", "{29DD054D-81A1-4F9F-9FE2-41239D56FBE6}"
EndProject
Project("{F2A71F9B-5D33-465A-A702-920D77279786}") = "Lattice.Orchestrator.Infrastructure.Tasks.Tests.Unit", "Tests\Lattice.Orchestrator.Infrastructure.Tasks.Tests.Unit\Lattice.Orchestrator.Infrastructure.Tasks.Tests.Unit.fsproj", "{0DBE2B61-2D99-41BF-BD39-CD500588C755}"
EndProject
Global
	GlobalSection(SolutionConfigurationPlatforms) = preSolution
		Debug|Any CPU = Debug|Any CPU
		Release|Any CPU = Release|Any CPU
	EndGlobalSection
	GlobalSection(ProjectConfigurationPlatforms) = postSolution
		{2B0CE0E9-D2C6-4C3E-B269-25BCDE9812C6}.Debug|Any CPU.ActiveCfg = Debug|Any CPU
		{2B0CE0E9-D2C6-4C3E-B269-25BCDE9812C6}.Debug|Any CPU.Build.0 = Debug|Any CPU
		{2B0CE0E9-D2C6-4C3E-B269-25BCDE9812C6}.Release|Any CPU.ActiveCfg = Release|Any CPU
		{2B0CE0E9-D2C6-4C3E-B269-25BCDE9812C6}.Release|Any CPU.Build.0 = Release|Any CPU
		{CECDF63B-A9F9-4D61-B0CF-96CC964A3FA5}.Debug|Any CPU.ActiveCfg = Debug|Any CPU
		{CECDF63B-A9F9-4D61-B0CF-96CC964A3FA5}.Debug|Any CPU.Build.0 = Debug|Any CPU
		{CECDF63B-A9F9-4D61-B0CF-96CC964A3FA5}.Release|Any CPU.ActiveCfg = Release|Any CPU
		{CECDF63B-A9F9-4D61-B0CF-96CC964A3FA5}.Release|Any CPU.Build.0 = Release|Any CPU
		{93E0C53F-462E-497D-BC35-B0F183A4A02B}.Debug|Any CPU.ActiveCfg = Debug|Any CPU
		{93E0C53F-462E-497D-BC35-B0F183A4A02B}.Debug|Any CPU.Build.0 = Debug|Any CPU
		{93E0C53F-462E-497D-BC35-B0F183A4A02B}.Release|Any CPU.ActiveCfg = Release|Any CPU
		{93E0C53F-462E-497D-BC35-B0F183A4A02B}.Release|Any CPU.Build.0 = Release|Any CPU
		{B4290E72-2EF1-42E6-9AF5-C15B2D675C2F}.Debug|Any CPU.ActiveCfg = Debug|Any CPU
		{B4290E72-2EF1-42E6-9AF5-C15B2D675C2F}.Debug|Any CPU.Build.0 = Debug|Any CPU
		{B4290E72-2EF1-42E6-9AF5-C15B2D675C2F}.Release|Any CPU.ActiveCfg = Release|Any CPU
		{B4290E72-2EF1-42E6-9AF5-C15B2D675C2F}.Release|Any CPU.Build.0 = Release|Any CPU
		{E43A5EF1-8ABE-4BE2-B4A1-226239D76681}.Debug|Any CPU.ActiveCfg = Debug|Any CPU
		{E43A5EF1-8ABE-4BE2-B4A1-226239D76681}.Debug|Any CPU.Build.0 = Debug|Any CPU
		{E43A5EF1-8ABE-4BE2-B4A1-226239D76681}.Release|Any CPU.ActiveCfg = Release|Any CPU
		{E43A5EF1-8ABE-4BE2-B4A1-226239D76681}.Release|Any CPU.Build.0 = Release|Any CPU
		{CBF7FA1E-203D-4407-85DD-3670A0DFEA3E}.Debug|Any CPU.ActiveCfg = Debug|Any CPU
		{CBF7FA1E-203D-4407-85DD-3670A0DFEA3E}.Debug|Any CPU.Build.0 = Debug|Any CPU
		{CBF7FA1E-203D-4407-85DD-3670A0DFEA3E}.Release|Any CPU.ActiveCfg = Release|Any CPU
		{CBF7FA1E-203D-4407-85DD-3670A0DFEA3E}.Release|Any CPU.Build.0 = Release|Any CPU
		{D47452C1-C0A7-4139-B25D-01D447C1896E}.Debug|Any CPU.ActiveCfg = Debug|Any CPU
		{D47452C1-C0A7-4139-B25D-01D447C1896E}.Debug|Any CPU.Build.0 = Debug|Any CPU
		{D47452C1-C0A7-4139-B25D-01D447C1896E}.Release|Any CPU.ActiveCfg = Release|Any CPU
		{D47452C1-C0A7-4139-B25D-01D447C1896E}.Release|Any CPU.Build.0 = Release|Any CPU
		{60DAE6B9-C925-4EC0-86D8-94674762A2D9}.Debug|Any CPU.ActiveCfg = Debug|Any CPU
		{60DAE6B9-C925-4EC0-86D8-94674762A2D9}.Debug|Any CPU.Build.0 = Debug|Any CPU
		{60DAE6B9-C925-4EC0-86D8-94674762A2D9}.Release|Any CPU.ActiveCfg = Release|Any CPU
		{60DAE6B9-C925-4EC0-86D8-94674762A2D9}.Release|Any CPU.Build.0 = Release|Any CPU
		{64CA63DB-762D-4084-9918-B586EFF98E2E}.Debug|Any CPU.ActiveCfg = Debug|Any CPU
		{64CA63DB-762D-4084-9918-B586EFF98E2E}.Debug|Any CPU.Build.0 = Debug|Any CPU
		{64CA63DB-762D-4084-9918-B586EFF98E2E}.Release|Any CPU.ActiveCfg = Release|Any CPU
		{64CA63DB-762D-4084-9918-B586EFF98E2E}.Release|Any CPU.Build.0 = Release|Any CPU
		{9376CFE5-9D5A-48BC-A5B3-A3697B7AC172}.Debug|Any CPU.ActiveCfg = Debug|Any CPU
		{9376CFE5-9D5A-48BC-A5B3-A3697B7AC172}.Debug|Any CPU.Build.0 = Debug|Any CPU
		{9376CFE5-9D5A-48BC-A5B3-A3697B7AC172}.Release|Any CPU.ActiveCfg = Release|Any CPU
		{9376CFE5-9D5A-48BC-A5B3-A3697B7AC172}.Release|Any CPU.Build.0 = Release|Any CPU
		{9EB3FCCF-9239-49FE-9CD0-C8DD5180C08B}.Debug|Any CPU.ActiveCfg = Debug|Any CPU
		{9EB3FCCF-9239-49FE-9CD0-C8DD5180C08B}.Debug|Any CPU.Build.0 = Debug|Any CPU
		{9EB3FCCF-9239-49FE-9CD0-C8DD5180C08B}.Release|Any CPU.ActiveCfg = Release|Any CPU
		{9EB3FCCF-9239-49FE-9CD0-C8DD5180C08B}.Release|Any CPU.Build.0 = Release|Any CPU
		{47460510-84B3-40FF-BFD3-5EB78DC8407B}.Debug|Any CPU.ActiveCfg = Debug|Any CPU
		{47460510-84B3-40FF-BFD3-5EB78DC8407B}.Debug|Any CPU.Build.0 = Debug|Any CPU
		{47460510-84B3-40FF-BFD3-5EB78DC8407B}.Release|Any CPU.ActiveCfg = Release|Any CPU
		{47460510-84B3-40FF-BFD3-5EB78DC8407B}.Release|Any CPU.Build.0 = Release|Any CPU
		{29DD054D-81A1-4F9F-9FE2-41239D56FBE6}.Debug|Any CPU.ActiveCfg = Debug|Any CPU
		{29DD054D-81A1-4F9F-9FE2-41239D56FBE6}.Debug|Any CPU.Build.0 = Debug|Any CPU
		{29DD054D-81A1-4F9F-9FE2-41239D56FBE6}.Release|Any CPU.ActiveCfg = Release|Any CPU
		{29DD054D-81A1-4F9F-9FE2-41239D56FBE6}.Release|Any CPU.Build.0 = Release|Any CPU
		{0DBE2B61-2D99-41BF-BD39-CD500588C755}.Debug|Any CPU.ActiveCfg = Debug|Any CPU
		{0DBE2B61-2D99-41BF-BD39-CD500588C755}.Debug|Any CPU.Build.0 = Debug|Any CPU
		{0DBE2B61-2D99-41BF-BD39-CD500588C755}.Release|Any CPU.ActiveCfg = Release|Any CPU
		{0DBE2B61-2D99-41BF-BD39-CD500588C755}.Release|Any CPU.Build.0 = Release|Any CPU
	EndGlobalSection
	GlobalSection(SolutionProperties) = preSolution
		HideSolutionNode = FALSE
	EndGlobalSection
	GlobalSection(NestedProjects) = preSolution
		{93E0C53F-462E-497D-BC35-B0F183A4A02B} = {0B9F285C-06BC-42D1-9596-F8F3834C71F5}
		{B4290E72-2EF1-42E6-9AF5-C15B2D675C2F} = {0B9F285C-06BC-42D1-9596-F8F3834C71F5}
		{CBF7FA1E-203D-4407-85DD-3670A0DFEA3E} = {0B9F285C-06BC-42D1-9596-F8F3834C71F5}
		{60DAE6B9-C925-4EC0-86D8-94674762A2D9} = {0B9F285C-06BC-42D1-9596-F8F3834C71F5}
		{9376CFE5-9D5A-48BC-A5B3-A3697B7AC172} = {0B9F285C-06BC-42D1-9596-F8F3834C71F5}
		{47460510-84B3-40FF-BFD3-5EB78DC8407B} = {0B9F285C-06BC-42D1-9596-F8F3834C71F5}
		{0DBE2B61-2D99-41BF-BD39-CD500588C755} = {0B9F285C-06BC-42D1-9596-F8F3834C71F5}
	EndGlobalSection
EndGlobal
